
Microsoft Visual Studio Solution File, Format Version 12.00
# Visual Studio 2013
VisualStudioVersion = 12.0.31101.0
MinimumVisualStudioVersion = 10.0.40219.1
Project("{FAE04EC0-301F-11D3-BF4B-00C04F79EFBC}") = "WCFClient", "WCFClient\WCFClient.csproj", "{5DDB4E9B-F642-4CE8-84DE-676364C40E5B}"
EndProject
Project("{FAE04EC0-301F-11D3-BF4B-00C04F79EFBC}") = "WCFContract", "WCFContract\WCFContract.csproj", "{A8E17C8F-C28A-4417-8159-035CE6C444B5}"
EndProject
Project("{FAE04EC0-301F-11D3-BF4B-00C04F79EFBC}") = "WCFServer", "WCFServer\WCFServer.csproj", "{12394785-83D0-454D-B0F0-4A6B426518BF}"
EndProject
Global
	GlobalSection(SolutionConfigurationPlatforms) = preSolution
		Debug|Any CPU = Debug|Any CPU
		Release|Any CPU = Release|Any CPU
	EndGlobalSection
	GlobalSection(ProjectConfigurationPlatforms) = postSolution
		{5DDB4E9B-F642-4CE8-84DE-676364C40E5B}.Debug|Any CPU.ActiveCfg = Debug|Any CPU
		{5DDB4E9B-F642-4CE8-84DE-676364C40E5B}.Debug|Any CPU.Build.0 = Debug|Any CPU
		{5DDB4E9B-F642-4CE8-84DE-676364C40E5B}.Release|Any CPU.ActiveCfg = Release|Any CPU
		{5DDB4E9B-F642-4CE8-84DE-676364C40E5B}.Release|Any CPU.Build.0 = Release|Any CPU
		{A8E17C8F-C28A-4417-8159-035CE6C444B5}.Debug|Any CPU.ActiveCfg = Debug|Any CPU
		{A8E17C8F-C28A-4417-8159-035CE6C444B5}.Debug|Any CPU.Build.0 = Debug|Any CPU
		{A8E17C8F-C28A-4417-8159-035CE6C444B5}.Release|Any CPU.ActiveCfg = Release|Any CPU
		{A8E17C8F-C28A-4417-8159-035CE6C444B5}.Release|Any CPU.Build.0 = Release|Any CPU
		{12394785-83D0-454D-B0F0-4A6B426518BF}.Debug|Any CPU.ActiveCfg = Debug|Any CPU
		{12394785-83D0-454D-B0F0-4A6B426518BF}.Debug|Any CPU.Build.0 = Debug|Any CPU
		{12394785-83D0-454D-B0F0-4A6B426518BF}.Release|Any CPU.ActiveCfg = Release|Any CPU
		{12394785-83D0-454D-B0F0-4A6B426518BF}.Release|Any CPU.Build.0 = Release|Any CPU
	EndGlobalSection
	GlobalSection(SolutionProperties) = preSolution
		HideSolutionNode = FALSE
	EndGlobalSection
EndGlobal
